
Microsoft Visual Studio Solution File, Format Version 12.00
# Visual Studio 2012
Project("{FAE04EC0-301F-11D3-BF4B-00C04F79EFBC}") = "KKUpdater", "KKUpdater\KKUpdater.csproj", "{AD11524D-654D-44DE-BBB8-48CB74247DA0}"
EndProject
Project("{FAE04EC0-301F-11D3-BF4B-00C04F79EFBC}") = "UpdaterTests", "UpdaterTests\UpdaterTests.csproj", "{2530A8C0-635D-4EF2-9512-F6FDA36C712E}"
EndProject
Global
	GlobalSection(SolutionConfigurationPlatforms) = preSolution
		Debug|Any CPU = Debug|Any CPU
		Release|Any CPU = Release|Any CPU
	EndGlobalSection
	GlobalSection(ProjectConfigurationPlatforms) = postSolution
		{AD11524D-654D-44DE-BBB8-48CB74247DA0}.Debug|Any CPU.ActiveCfg = Debug|Any CPU
		{AD11524D-654D-44DE-BBB8-48CB74247DA0}.Debug|Any CPU.Build.0 = Debug|Any CPU
		{AD11524D-654D-44DE-BBB8-48CB74247DA0}.Release|Any CPU.ActiveCfg = Release|Any CPU
		{AD11524D-654D-44DE-BBB8-48CB74247DA0}.Release|Any CPU.Build.0 = Release|Any CPU
		{2530A8C0-635D-4EF2-9512-F6FDA36C712E}.Debug|Any CPU.ActiveCfg = Debug|Any CPU
		{2530A8C0-635D-4EF2-9512-F6FDA36C712E}.Debug|Any CPU.Build.0 = Debug|Any CPU
		{2530A8C0-635D-4EF2-9512-F6FDA36C712E}.Release|Any CPU.ActiveCfg = Release|Any CPU
		{2530A8C0-635D-4EF2-9512-F6FDA36C712E}.Release|Any CPU.Build.0 = Release|Any CPU
	EndGlobalSection
EndGlobal
